{
  "originHash" : "eee4f2635cde5b25055ab90df1a68a522de6fd7b005c0aee32da2ab74966025c",
  "pins" : [
    {
      "identity" : "gsa-platform",
      "kind" : "remoteSourceControl",
      "location" : "https://github.com/bretbouchard/gsa-platform.git",
      "state" : {
        "revision" : "07054b787e69045ecb8889c04fc38430872f2277",
        "version" : "0.5.0"
      }
    }
  ],
  "version" : 3
}
