{
  "originHash" : "d7140a98b36fb3a5e287c48b644f6633afa6ffdc3db7d6e4da362d6f106d3191",
  "pins" : [
    {
      "identity" : "gsa-platform",
      "kind" : "remoteSourceControl",
      "location" : "https://github.com/bretbouchard/gsa-platform.git",
      "state" : {
        "revision" : "cea5283585bab7c78f9e41f22d95d9af308bc142",
        "version" : "0.4.3"
      }
    }
  ],
  "version" : 3
}
